
Microsoft Visual Studio Solution File, Format Version 12.00
# Visual Studio 2017
Project("{FAE04EC0-301F-11D3-BF4B-00C04F79EFBC}") = "Holoterior", "Holoterior.csproj", "{512F72F8-8803-B212-0F19-0B57168F37FE}"
EndProject
Project("{FAE04EC0-301F-11D3-BF4B-00C04F79EFBC}") = "Holoterior.Editor", "Holoterior.Editor.csproj", "{8DE406E1-A816-C963-51F2-E8A09971F37C}"
EndProject
Global
	GlobalSection(SolutionConfigurationPlatforms) = preSolution
		Debug|Any CPU = Debug|Any CPU
		Release|Any CPU = Release|Any CPU
	EndGlobalSection
	GlobalSection(ProjectConfigurationPlatforms) = postSolution
		{512F72F8-8803-B212-0F19-0B57168F37FE}.Debug|Any CPU.ActiveCfg = Debug|Any CPU
		{512F72F8-8803-B212-0F19-0B57168F37FE}.Debug|Any CPU.Build.0 = Debug|Any CPU
		{512F72F8-8803-B212-0F19-0B57168F37FE}.Release|Any CPU.ActiveCfg = Release|Any CPU
		{512F72F8-8803-B212-0F19-0B57168F37FE}.Release|Any CPU.Build.0 = Release|Any CPU
		{8DE406E1-A816-C963-51F2-E8A09971F37C}.Debug|Any CPU.ActiveCfg = Debug|Any CPU
		{8DE406E1-A816-C963-51F2-E8A09971F37C}.Debug|Any CPU.Build.0 = Debug|Any CPU
		{8DE406E1-A816-C963-51F2-E8A09971F37C}.Release|Any CPU.ActiveCfg = Release|Any CPU
		{8DE406E1-A816-C963-51F2-E8A09971F37C}.Release|Any CPU.Build.0 = Release|Any CPU
	EndGlobalSection
	GlobalSection(SolutionProperties) = preSolution
		HideSolutionNode = FALSE
	EndGlobalSection
EndGlobal
