
Microsoft Visual Studio Solution File, Format Version 12.00
# Visual Studio 14
VisualStudioVersion = 14.0.22512.0
MinimumVisualStudioVersion = 10.0.40219.1
Project("{FAE04EC0-301F-11D3-BF4B-00C04F79EFBC}") = "Holoterior", "Holoterior\Holoterior.csproj", "{13A45C13-3265-47B8-BC48-A553B569DF55}"
		{16a302dc-e952-4959-bbff-7ef3928bd7c9} = {16a302dc-e952-4959-bbff-7ef3928bd7c9}
		{16392c39-d720-4fd0-908a-c9b347905203} = {16392c39-d720-4fd0-908a-c9b347905203}
EndProject
Project("{FAE04EC0-301F-11D3-BF4B-00C04F79EFBC}") = "Assembly-CSharp", "C:\Users\Won Young Park\Documents\GitHub\holoterior\App\GeneratedProjects\UWP\Assembly-CSharp\Assembly-CSharp.csproj", "{16a302dc-e952-4959-bbff-7ef3928bd7c9}"
EndProject
Project("{FAE04EC0-301F-11D3-BF4B-00C04F79EFBC}") = "Assembly-CSharp-firstpass", "C:\Users\Won Young Park\Documents\GitHub\holoterior\App\GeneratedProjects\UWP\Assembly-CSharp-firstpass\Assembly-CSharp-firstpass.csproj", "{16392c39-d720-4fd0-908a-c9b347905203}"
EndProject
Global
	GlobalSection(SolutionConfigurationPlatforms) = preSolution
		Debug|ARM = Debug|ARM
		Debug|x64 = Debug|x64
		Debug|x86 = Debug|x86
		Master|ARM = Master|ARM
		Master|x64 = Master|x64
		Master|x86 = Master|x86
		Release|ARM = Release|ARM
		Release|x64 = Release|x64
		Release|x86 = Release|x86
	EndGlobalSection
	GlobalSection(ProjectConfigurationPlatforms) = postSolution
		{13A45C13-3265-47B8-BC48-A553B569DF55}.Debug|ARM.ActiveCfg = Debug|ARM
		{13A45C13-3265-47B8-BC48-A553B569DF55}.Debug|ARM.Build.0 = Debug|ARM
		{13A45C13-3265-47B8-BC48-A553B569DF55}.Debug|ARM.Deploy.0 = Debug|ARM
		{13A45C13-3265-47B8-BC48-A553B569DF55}.Debug|x64.ActiveCfg = Debug|x64
		{13A45C13-3265-47B8-BC48-A553B569DF55}.Debug|x64.Build.0 = Debug|x64
		{13A45C13-3265-47B8-BC48-A553B569DF55}.Debug|x64.Deploy.0 = Debug|x64
		{13A45C13-3265-47B8-BC48-A553B569DF55}.Debug|x86.ActiveCfg = Debug|x86
		{13A45C13-3265-47B8-BC48-A553B569DF55}.Debug|x86.Build.0 = Debug|x86
		{13A45C13-3265-47B8-BC48-A553B569DF55}.Debug|x86.Deploy.0 = Debug|x86
		{13A45C13-3265-47B8-BC48-A553B569DF55}.Master|ARM.ActiveCfg = Master|ARM
		{13A45C13-3265-47B8-BC48-A553B569DF55}.Master|ARM.Build.0 = Master|ARM
		{13A45C13-3265-47B8-BC48-A553B569DF55}.Master|ARM.Deploy.0 = Master|ARM
		{13A45C13-3265-47B8-BC48-A553B569DF55}.Master|x64.ActiveCfg = Master|x64
		{13A45C13-3265-47B8-BC48-A553B569DF55}.Master|x64.Build.0 = Master|x64
		{13A45C13-3265-47B8-BC48-A553B569DF55}.Master|x64.Deploy.0 = Master|x64
		{13A45C13-3265-47B8-BC48-A553B569DF55}.Master|x86.ActiveCfg = Master|x86
		{13A45C13-3265-47B8-BC48-A553B569DF55}.Master|x86.Build.0 = Master|x86
		{13A45C13-3265-47B8-BC48-A553B569DF55}.Master|x86.Deploy.0 = Master|x86
		{13A45C13-3265-47B8-BC48-A553B569DF55}.Release|ARM.ActiveCfg = Release|ARM
		{13A45C13-3265-47B8-BC48-A553B569DF55}.Release|ARM.Build.0 = Release|ARM
		{13A45C13-3265-47B8-BC48-A553B569DF55}.Release|ARM.Deploy.0 = Release|ARM
		{13A45C13-3265-47B8-BC48-A553B569DF55}.Release|x64.ActiveCfg = Release|x64
		{13A45C13-3265-47B8-BC48-A553B569DF55}.Release|x64.Build.0 = Release|x64
		{13A45C13-3265-47B8-BC48-A553B569DF55}.Release|x64.Deploy.0 = Release|x64
		{13A45C13-3265-47B8-BC48-A553B569DF55}.Release|x86.ActiveCfg = Release|x86
		{13A45C13-3265-47B8-BC48-A553B569DF55}.Release|x86.Build.0 = Release|x86
		{13A45C13-3265-47B8-BC48-A553B569DF55}.Release|x86.Deploy.0 = Release|x86
		{16a302dc-e952-4959-bbff-7ef3928bd7c9}.Debug|x86.ActiveCfg = Debug|x86
		{16a302dc-e952-4959-bbff-7ef3928bd7c9}.Debug|x86.Build.0 = Debug|x86
		{16a302dc-e952-4959-bbff-7ef3928bd7c9}.Release|x86.ActiveCfg = Release|x86
		{16a302dc-e952-4959-bbff-7ef3928bd7c9}.Release|x86.Build.0 = Release|x86
		{16a302dc-e952-4959-bbff-7ef3928bd7c9}.Master|x86.ActiveCfg = Master|x86
		{16a302dc-e952-4959-bbff-7ef3928bd7c9}.Master|x86.Build.0 = Master|x86
		{16a302dc-e952-4959-bbff-7ef3928bd7c9}.Debug|x64.ActiveCfg = Debug|x64
		{16a302dc-e952-4959-bbff-7ef3928bd7c9}.Debug|x64.Build.0 = Debug|x64
		{16a302dc-e952-4959-bbff-7ef3928bd7c9}.Release|x64.ActiveCfg = Release|x64
		{16a302dc-e952-4959-bbff-7ef3928bd7c9}.Release|x64.Build.0 = Release|x64
		{16a302dc-e952-4959-bbff-7ef3928bd7c9}.Master|x64.ActiveCfg = Master|x64
		{16a302dc-e952-4959-bbff-7ef3928bd7c9}.Master|x64.Build.0 = Master|x64
		{16a302dc-e952-4959-bbff-7ef3928bd7c9}.Debug|ARM.ActiveCfg = Debug|ARM
		{16a302dc-e952-4959-bbff-7ef3928bd7c9}.Debug|ARM.Build.0 = Debug|ARM
		{16a302dc-e952-4959-bbff-7ef3928bd7c9}.Release|ARM.ActiveCfg = Release|ARM
		{16a302dc-e952-4959-bbff-7ef3928bd7c9}.Release|ARM.Build.0 = Release|ARM
		{16a302dc-e952-4959-bbff-7ef3928bd7c9}.Master|ARM.ActiveCfg = Master|ARM
		{16a302dc-e952-4959-bbff-7ef3928bd7c9}.Master|ARM.Build.0 = Master|ARM
		{16392c39-d720-4fd0-908a-c9b347905203}.Debug|x86.ActiveCfg = Debug|x86
		{16392c39-d720-4fd0-908a-c9b347905203}.Debug|x86.Build.0 = Debug|x86
		{16392c39-d720-4fd0-908a-c9b347905203}.Release|x86.ActiveCfg = Release|x86
		{16392c39-d720-4fd0-908a-c9b347905203}.Release|x86.Build.0 = Release|x86
		{16392c39-d720-4fd0-908a-c9b347905203}.Master|x86.ActiveCfg = Master|x86
		{16392c39-d720-4fd0-908a-c9b347905203}.Master|x86.Build.0 = Master|x86
		{16392c39-d720-4fd0-908a-c9b347905203}.Debug|ARM.ActiveCfg = Debug|ARM
		{16392c39-d720-4fd0-908a-c9b347905203}.Debug|ARM.Build.0 = Debug|ARM
		{16392c39-d720-4fd0-908a-c9b347905203}.Release|ARM.ActiveCfg = Release|ARM
		{16392c39-d720-4fd0-908a-c9b347905203}.Release|ARM.Build.0 = Release|ARM
		{16392c39-d720-4fd0-908a-c9b347905203}.Master|ARM.ActiveCfg = Master|ARM
		{16392c39-d720-4fd0-908a-c9b347905203}.Master|ARM.Build.0 = Master|ARM
 EndGlobalSection
	GlobalSection(SolutionProperties) = preSolution
		HideSolutionNode = FALSE
	EndGlobalSection
EndGlobal
