
Microsoft Visual Studio Solution File, Format Version 12.00
# Visual Studio 15
VisualStudioVersion = 15.0.26730.16
MinimumVisualStudioVersion = 10.0.40219.1
Project("{FAE04EC0-301F-11D3-BF4B-00C04F79EFBC}") = "Holoterior", "Holoterior\Holoterior.csproj", "{13A45C13-3265-47B8-BC48-A553B569DF55}"
EndProject
Project("{FAE04EC0-301F-11D3-BF4B-00C04F79EFBC}") = "Assembly-CSharp", "C:\Users\Won Young Park\Documents\GitHub\holoterior\App\GeneratedProjects\UWP\Assembly-CSharp\Assembly-CSharp.csproj", "{3871CC2F-77CE-4F58-96A7-D90AD6071D8C}"
EndProject
Project("{FAE04EC0-301F-11D3-BF4B-00C04F79EFBC}") = "Assembly-CSharp-firstpass", "C:\Users\Won Young Park\Documents\GitHub\holoterior\App\GeneratedProjects\UWP\Assembly-CSharp-firstpass\Assembly-CSharp-firstpass.csproj", "{D61AC696-A251-4130-A790-9BCF5A2D6394}"
EndProject
Global
	GlobalSection(SolutionConfigurationPlatforms) = preSolution
		Debug|ARM = Debug|ARM
		Debug|x64 = Debug|x64
		Debug|x86 = Debug|x86
		Master|ARM = Master|ARM
		Master|x64 = Master|x64
		Master|x86 = Master|x86
		Release|ARM = Release|ARM
		Release|x64 = Release|x64
		Release|x86 = Release|x86
	EndGlobalSection
	GlobalSection(ProjectConfigurationPlatforms) = postSolution
		{13A45C13-3265-47B8-BC48-A553B569DF55}.Debug|ARM.ActiveCfg = Debug|ARM
		{13A45C13-3265-47B8-BC48-A553B569DF55}.Debug|ARM.Build.0 = Debug|ARM
		{13A45C13-3265-47B8-BC48-A553B569DF55}.Debug|ARM.Deploy.0 = Debug|ARM
		{13A45C13-3265-47B8-BC48-A553B569DF55}.Debug|x64.ActiveCfg = Debug|x64
		{13A45C13-3265-47B8-BC48-A553B569DF55}.Debug|x64.Build.0 = Debug|x64
		{13A45C13-3265-47B8-BC48-A553B569DF55}.Debug|x64.Deploy.0 = Debug|x64
		{13A45C13-3265-47B8-BC48-A553B569DF55}.Debug|x86.ActiveCfg = Debug|x86
		{13A45C13-3265-47B8-BC48-A553B569DF55}.Debug|x86.Build.0 = Debug|x86
		{13A45C13-3265-47B8-BC48-A553B569DF55}.Debug|x86.Deploy.0 = Debug|x86
		{13A45C13-3265-47B8-BC48-A553B569DF55}.Master|ARM.ActiveCfg = Master|ARM
		{13A45C13-3265-47B8-BC48-A553B569DF55}.Master|ARM.Build.0 = Master|ARM
		{13A45C13-3265-47B8-BC48-A553B569DF55}.Master|ARM.Deploy.0 = Master|ARM
		{13A45C13-3265-47B8-BC48-A553B569DF55}.Master|x64.ActiveCfg = Master|x64
		{13A45C13-3265-47B8-BC48-A553B569DF55}.Master|x64.Build.0 = Master|x64
		{13A45C13-3265-47B8-BC48-A553B569DF55}.Master|x64.Deploy.0 = Master|x64
		{13A45C13-3265-47B8-BC48-A553B569DF55}.Master|x86.ActiveCfg = Master|x86
		{13A45C13-3265-47B8-BC48-A553B569DF55}.Master|x86.Build.0 = Master|x86
		{13A45C13-3265-47B8-BC48-A553B569DF55}.Master|x86.Deploy.0 = Master|x86
		{13A45C13-3265-47B8-BC48-A553B569DF55}.Release|ARM.ActiveCfg = Release|ARM
		{13A45C13-3265-47B8-BC48-A553B569DF55}.Release|ARM.Build.0 = Release|ARM
		{13A45C13-3265-47B8-BC48-A553B569DF55}.Release|ARM.Deploy.0 = Release|ARM
		{13A45C13-3265-47B8-BC48-A553B569DF55}.Release|x64.ActiveCfg = Release|x64
		{13A45C13-3265-47B8-BC48-A553B569DF55}.Release|x64.Build.0 = Release|x64
		{13A45C13-3265-47B8-BC48-A553B569DF55}.Release|x64.Deploy.0 = Release|x64
		{13A45C13-3265-47B8-BC48-A553B569DF55}.Release|x86.ActiveCfg = Release|x86
		{13A45C13-3265-47B8-BC48-A553B569DF55}.Release|x86.Build.0 = Release|x86
		{13A45C13-3265-47B8-BC48-A553B569DF55}.Release|x86.Deploy.0 = Release|x86
		{3871CC2F-77CE-4F58-96A7-D90AD6071D8C}.Debug|ARM.ActiveCfg = Debug|ARM
		{3871CC2F-77CE-4F58-96A7-D90AD6071D8C}.Debug|ARM.Build.0 = Debug|ARM
		{3871CC2F-77CE-4F58-96A7-D90AD6071D8C}.Debug|x64.ActiveCfg = Debug|x64
		{3871CC2F-77CE-4F58-96A7-D90AD6071D8C}.Debug|x64.Build.0 = Debug|x64
		{3871CC2F-77CE-4F58-96A7-D90AD6071D8C}.Debug|x86.ActiveCfg = Debug|x86
		{3871CC2F-77CE-4F58-96A7-D90AD6071D8C}.Debug|x86.Build.0 = Debug|x86
		{3871CC2F-77CE-4F58-96A7-D90AD6071D8C}.Master|ARM.ActiveCfg = Master|ARM
		{3871CC2F-77CE-4F58-96A7-D90AD6071D8C}.Master|ARM.Build.0 = Master|ARM
		{3871CC2F-77CE-4F58-96A7-D90AD6071D8C}.Master|x64.ActiveCfg = Master|x64
		{3871CC2F-77CE-4F58-96A7-D90AD6071D8C}.Master|x64.Build.0 = Master|x64
		{3871CC2F-77CE-4F58-96A7-D90AD6071D8C}.Master|x86.ActiveCfg = Master|x86
		{3871CC2F-77CE-4F58-96A7-D90AD6071D8C}.Master|x86.Build.0 = Master|x86
		{3871CC2F-77CE-4F58-96A7-D90AD6071D8C}.Release|ARM.ActiveCfg = Release|ARM
		{3871CC2F-77CE-4F58-96A7-D90AD6071D8C}.Release|ARM.Build.0 = Release|ARM
		{3871CC2F-77CE-4F58-96A7-D90AD6071D8C}.Release|x64.ActiveCfg = Release|x64
		{3871CC2F-77CE-4F58-96A7-D90AD6071D8C}.Release|x64.Build.0 = Release|x64
		{3871CC2F-77CE-4F58-96A7-D90AD6071D8C}.Release|x86.ActiveCfg = Release|x86
		{3871CC2F-77CE-4F58-96A7-D90AD6071D8C}.Release|x86.Build.0 = Release|x86
		{D61AC696-A251-4130-A790-9BCF5A2D6394}.Debug|ARM.ActiveCfg = Debug|ARM
		{D61AC696-A251-4130-A790-9BCF5A2D6394}.Debug|ARM.Build.0 = Debug|ARM
		{D61AC696-A251-4130-A790-9BCF5A2D6394}.Debug|x64.ActiveCfg = Debug|x64
		{D61AC696-A251-4130-A790-9BCF5A2D6394}.Debug|x64.Build.0 = Debug|x64
		{D61AC696-A251-4130-A790-9BCF5A2D6394}.Debug|x86.ActiveCfg = Debug|x86
		{D61AC696-A251-4130-A790-9BCF5A2D6394}.Debug|x86.Build.0 = Debug|x86
		{D61AC696-A251-4130-A790-9BCF5A2D6394}.Master|ARM.ActiveCfg = Master|ARM
		{D61AC696-A251-4130-A790-9BCF5A2D6394}.Master|ARM.Build.0 = Master|ARM
		{D61AC696-A251-4130-A790-9BCF5A2D6394}.Master|x64.ActiveCfg = Master|x64
		{D61AC696-A251-4130-A790-9BCF5A2D6394}.Master|x64.Build.0 = Master|x64
		{D61AC696-A251-4130-A790-9BCF5A2D6394}.Master|x86.ActiveCfg = Master|x86
		{D61AC696-A251-4130-A790-9BCF5A2D6394}.Master|x86.Build.0 = Master|x86
		{D61AC696-A251-4130-A790-9BCF5A2D6394}.Release|ARM.ActiveCfg = Release|ARM
		{D61AC696-A251-4130-A790-9BCF5A2D6394}.Release|ARM.Build.0 = Release|ARM
		{D61AC696-A251-4130-A790-9BCF5A2D6394}.Release|x64.ActiveCfg = Release|x64
		{D61AC696-A251-4130-A790-9BCF5A2D6394}.Release|x64.Build.0 = Release|x64
		{D61AC696-A251-4130-A790-9BCF5A2D6394}.Release|x86.ActiveCfg = Release|x86
		{D61AC696-A251-4130-A790-9BCF5A2D6394}.Release|x86.Build.0 = Release|x86
	EndGlobalSection
	GlobalSection(SolutionProperties) = preSolution
		HideSolutionNode = FALSE
	EndGlobalSection
	GlobalSection(ExtensibilityGlobals) = postSolution
		SolutionGuid = {CE0F94C7-427C-4F25-9C10-1915A875C26E}
	EndGlobalSection
EndGlobal
